
Microsoft Visual Studio Solution File, Format Version 12.00
# Visual Studio Version 17
VisualStudioVersion = 17.0.31717.71
MinimumVisualStudioVersion = 10.0.40219.1
Project("{9A19103F-16F7-4668-BE54-9A1E7A4F7556}") = "Oscar.Blazor", "Oscar.Blazor.csproj", "{BAB28053-2752-4993-ABB3-4CDF014C9E1A}"
EndProject
Global
	GlobalSection(SolutionConfigurationPlatforms) = preSolution
		Debug|Any CPU = Debug|Any CPU
		Release|Any CPU = Release|Any CPU
	EndGlobalSection
	GlobalSection(ProjectConfigurationPlatforms) = postSolution
		{BAB28053-2752-4993-ABB3-4CDF014C9E1A}.Debug|Any CPU.ActiveCfg = Debug|Any CPU
		{BAB28053-2752-4993-ABB3-4CDF014C9E1A}.Debug|Any CPU.Build.0 = Debug|Any CPU
		{BAB28053-2752-4993-ABB3-4CDF014C9E1A}.Release|Any CPU.ActiveCfg = Release|Any CPU
		{BAB28053-2752-4993-ABB3-4CDF014C9E1A}.Release|Any CPU.Build.0 = Release|Any CPU
	EndGlobalSection
	GlobalSection(SolutionProperties) = preSolution
		HideSolutionNode = FALSE
	EndGlobalSection
	GlobalSection(ExtensibilityGlobals) = postSolution
		SolutionGuid = {ACA33864-B335-4F72-A84B-DAC61B324D81}
	EndGlobalSection
EndGlobal